
Microsoft Visual Studio Solution File, Format Version 12.00
# Visual Studio 15
VisualStudioVersion = 15.0.27703.1
MinimumVisualStudioVersion = 10.0.40219.1
Project("{FAE04EC0-301F-11D3-BF4B-00C04F79EFBC}") = "ProductsAppTest", "ProductsAppTest\ProductsAppTest.csproj", "{0632D140-F2B3-42C7-B428-CF041FEDB440}"
EndProject
Global
	GlobalSection(SolutionConfigurationPlatforms) = preSolution
		Debug|Any CPU = Debug|Any CPU
		Release|Any CPU = Release|Any CPU
	EndGlobalSection
	GlobalSection(ProjectConfigurationPlatforms) = postSolution
		{0632D140-F2B3-42C7-B428-CF041FEDB440}.Debug|Any CPU.ActiveCfg = Debug|Any CPU
		{0632D140-F2B3-42C7-B428-CF041FEDB440}.Debug|Any CPU.Build.0 = Debug|Any CPU
		{0632D140-F2B3-42C7-B428-CF041FEDB440}.Release|Any CPU.ActiveCfg = Release|Any CPU
		{0632D140-F2B3-42C7-B428-CF041FEDB440}.Release|Any CPU.Build.0 = Release|Any CPU
	EndGlobalSection
	GlobalSection(SolutionProperties) = preSolution
		HideSolutionNode = FALSE
	EndGlobalSection
	GlobalSection(ExtensibilityGlobals) = postSolution
		SolutionGuid = {21744626-3146-4C6B-BCBD-5D3E02200453}
	EndGlobalSection
EndGlobal
